
Microsoft Visual Studio Solution File, Format Version 12.00
# Visual Studio Version 17
VisualStudioVersion = 17.0.31717.71
MinimumVisualStudioVersion = 10.0.40219.1
Project("{FAE04EC0-301F-11D3-BF4B-00C04F79EFBC}") = "FileScopedNamespaces", "FileScopedNamespaces\FileScopedNamespaces.csproj", "{5D979A37-A4DF-441F-B2C1-C3B89ADC4803}"
EndProject
Project("{FAE04EC0-301F-11D3-BF4B-00C04F79EFBC}") = "GlobalUsings", "GlobalUsings\GlobalUsings.csproj", "{DF981C8D-2C7D-4931-98AE-3F939E19C6FC}"
EndProject
Project("{FAE04EC0-301F-11D3-BF4B-00C04F79EFBC}") = "ImplicitUsings", "ImplicitUsings\ImplicitUsings.csproj", "{18BA496B-009D-4E43-8160-5B8F4F1733DE}"
EndProject
Project("{2150E333-8FDC-42A3-9474-1A3956D46DE8}") = "CSharp10", "CSharp10", "{D5D6EF24-3DF7-4DD1-9C4E-11ED06516473}"
EndProject
Project("{2150E333-8FDC-42A3-9474-1A3956D46DE8}") = ".NET_6", ".NET_6", "{C5435535-809F-4269-A0AF-0FC785C949E8}"
EndProject
Project("{FAE04EC0-301F-11D3-BF4B-00C04F79EFBC}") = "ConstantInterpolatedStrings", "ConstantInterpolatedStrings\ConstantInterpolatedStrings.csproj", "{80D7253E-B0C4-441C-A615-7A8C609691DC}"
EndProject
Project("{FAE04EC0-301F-11D3-BF4B-00C04F79EFBC}") = "Index-Range", "Index-Range\Index-Range.csproj", "{9827BA90-861F-4ED6-9DFF-F854EC466E86}"
EndProject
Project("{9A19103F-16F7-4668-BE54-9A1E7A4F7556}") = "ExemploMinimalAPI", "ExemploMinimalAPI\ExemploMinimalAPI.csproj", "{7EBFF57D-216F-4102-8B8A-5CE5BDFEF7AC}"
EndProject
Project("{FAE04EC0-301F-11D3-BF4B-00C04F79EFBC}") = "Linq_ExceptBy-DistinctBy", "Linq_ExceptBy-DistinctBy\Linq_ExceptBy-DistinctBy.csproj", "{BD30DD70-49D1-468F-9C2B-D102AEC9DA2C}"
EndProject
Project("{FAE04EC0-301F-11D3-BF4B-00C04F79EFBC}") = "Linq_DefaultValue", "Linq_DefaultValue\Linq_DefaultValue.csproj", "{9A665EEE-F50B-42B9-B1D2-EAB80B57FAC9}"
EndProject
Project("{FAE04EC0-301F-11D3-BF4B-00C04F79EFBC}") = "DateOnly_TimeOnly", "DateOnly_TimeOnly\DateOnly_TimeOnly.csproj", "{0DC97B84-D981-48CB-9275-2464B2A103DA}"
EndProject
Project("{9A19103F-16F7-4668-BE54-9A1E7A4F7556}") = "MinimalToDoApp", "MinimalTodoApp\MinimalToDoApp.csproj", "{BC0715A3-712C-446A-89CB-2E3A454CC3C1}"
EndProject
Global
	GlobalSection(SolutionConfigurationPlatforms) = preSolution
		Debug|Any CPU = Debug|Any CPU
		Release|Any CPU = Release|Any CPU
	EndGlobalSection
	GlobalSection(ProjectConfigurationPlatforms) = postSolution
		{5D979A37-A4DF-441F-B2C1-C3B89ADC4803}.Debug|Any CPU.ActiveCfg = Debug|Any CPU
		{5D979A37-A4DF-441F-B2C1-C3B89ADC4803}.Debug|Any CPU.Build.0 = Debug|Any CPU
		{5D979A37-A4DF-441F-B2C1-C3B89ADC4803}.Release|Any CPU.ActiveCfg = Release|Any CPU
		{5D979A37-A4DF-441F-B2C1-C3B89ADC4803}.Release|Any CPU.Build.0 = Release|Any CPU
		{DF981C8D-2C7D-4931-98AE-3F939E19C6FC}.Debug|Any CPU.ActiveCfg = Debug|Any CPU
		{DF981C8D-2C7D-4931-98AE-3F939E19C6FC}.Debug|Any CPU.Build.0 = Debug|Any CPU
		{DF981C8D-2C7D-4931-98AE-3F939E19C6FC}.Release|Any CPU.ActiveCfg = Release|Any CPU
		{DF981C8D-2C7D-4931-98AE-3F939E19C6FC}.Release|Any CPU.Build.0 = Release|Any CPU
		{18BA496B-009D-4E43-8160-5B8F4F1733DE}.Debug|Any CPU.ActiveCfg = Debug|Any CPU
		{18BA496B-009D-4E43-8160-5B8F4F1733DE}.Debug|Any CPU.Build.0 = Debug|Any CPU
		{18BA496B-009D-4E43-8160-5B8F4F1733DE}.Release|Any CPU.ActiveCfg = Release|Any CPU
		{18BA496B-009D-4E43-8160-5B8F4F1733DE}.Release|Any CPU.Build.0 = Release|Any CPU
		{80D7253E-B0C4-441C-A615-7A8C609691DC}.Debug|Any CPU.ActiveCfg = Debug|Any CPU
		{80D7253E-B0C4-441C-A615-7A8C609691DC}.Debug|Any CPU.Build.0 = Debug|Any CPU
		{80D7253E-B0C4-441C-A615-7A8C609691DC}.Release|Any CPU.ActiveCfg = Release|Any CPU
		{80D7253E-B0C4-441C-A615-7A8C609691DC}.Release|Any CPU.Build.0 = Release|Any CPU
		{9827BA90-861F-4ED6-9DFF-F854EC466E86}.Debug|Any CPU.ActiveCfg = Debug|Any CPU
		{9827BA90-861F-4ED6-9DFF-F854EC466E86}.Debug|Any CPU.Build.0 = Debug|Any CPU
		{9827BA90-861F-4ED6-9DFF-F854EC466E86}.Release|Any CPU.ActiveCfg = Release|Any CPU
		{9827BA90-861F-4ED6-9DFF-F854EC466E86}.Release|Any CPU.Build.0 = Release|Any CPU
		{7EBFF57D-216F-4102-8B8A-5CE5BDFEF7AC}.Debug|Any CPU.ActiveCfg = Debug|Any CPU
		{7EBFF57D-216F-4102-8B8A-5CE5BDFEF7AC}.Debug|Any CPU.Build.0 = Debug|Any CPU
		{7EBFF57D-216F-4102-8B8A-5CE5BDFEF7AC}.Release|Any CPU.ActiveCfg = Release|Any CPU
		{7EBFF57D-216F-4102-8B8A-5CE5BDFEF7AC}.Release|Any CPU.Build.0 = Release|Any CPU
		{BD30DD70-49D1-468F-9C2B-D102AEC9DA2C}.Debug|Any CPU.ActiveCfg = Debug|Any CPU
		{BD30DD70-49D1-468F-9C2B-D102AEC9DA2C}.Debug|Any CPU.Build.0 = Debug|Any CPU
		{BD30DD70-49D1-468F-9C2B-D102AEC9DA2C}.Release|Any CPU.ActiveCfg = Release|Any CPU
		{BD30DD70-49D1-468F-9C2B-D102AEC9DA2C}.Release|Any CPU.Build.0 = Release|Any CPU
		{9A665EEE-F50B-42B9-B1D2-EAB80B57FAC9}.Debug|Any CPU.ActiveCfg = Debug|Any CPU
		{9A665EEE-F50B-42B9-B1D2-EAB80B57FAC9}.Debug|Any CPU.Build.0 = Debug|Any CPU
		{9A665EEE-F50B-42B9-B1D2-EAB80B57FAC9}.Release|Any CPU.ActiveCfg = Release|Any CPU
		{9A665EEE-F50B-42B9-B1D2-EAB80B57FAC9}.Release|Any CPU.Build.0 = Release|Any CPU
		{0DC97B84-D981-48CB-9275-2464B2A103DA}.Debug|Any CPU.ActiveCfg = Debug|Any CPU
		{0DC97B84-D981-48CB-9275-2464B2A103DA}.Debug|Any CPU.Build.0 = Debug|Any CPU
		{0DC97B84-D981-48CB-9275-2464B2A103DA}.Release|Any CPU.ActiveCfg = Release|Any CPU
		{0DC97B84-D981-48CB-9275-2464B2A103DA}.Release|Any CPU.Build.0 = Release|Any CPU
		{BC0715A3-712C-446A-89CB-2E3A454CC3C1}.Debug|Any CPU.ActiveCfg = Debug|Any CPU
		{BC0715A3-712C-446A-89CB-2E3A454CC3C1}.Debug|Any CPU.Build.0 = Debug|Any CPU
		{BC0715A3-712C-446A-89CB-2E3A454CC3C1}.Release|Any CPU.ActiveCfg = Release|Any CPU
		{BC0715A3-712C-446A-89CB-2E3A454CC3C1}.Release|Any CPU.Build.0 = Release|Any CPU
	EndGlobalSection
	GlobalSection(SolutionProperties) = preSolution
		HideSolutionNode = FALSE
	EndGlobalSection
	GlobalSection(NestedProjects) = preSolution
		{5D979A37-A4DF-441F-B2C1-C3B89ADC4803} = {D5D6EF24-3DF7-4DD1-9C4E-11ED06516473}
		{DF981C8D-2C7D-4931-98AE-3F939E19C6FC} = {D5D6EF24-3DF7-4DD1-9C4E-11ED06516473}
		{18BA496B-009D-4E43-8160-5B8F4F1733DE} = {D5D6EF24-3DF7-4DD1-9C4E-11ED06516473}
		{80D7253E-B0C4-441C-A615-7A8C609691DC} = {D5D6EF24-3DF7-4DD1-9C4E-11ED06516473}
		{9827BA90-861F-4ED6-9DFF-F854EC466E86} = {D5D6EF24-3DF7-4DD1-9C4E-11ED06516473}
		{7EBFF57D-216F-4102-8B8A-5CE5BDFEF7AC} = {C5435535-809F-4269-A0AF-0FC785C949E8}
		{BD30DD70-49D1-468F-9C2B-D102AEC9DA2C} = {D5D6EF24-3DF7-4DD1-9C4E-11ED06516473}
		{9A665EEE-F50B-42B9-B1D2-EAB80B57FAC9} = {D5D6EF24-3DF7-4DD1-9C4E-11ED06516473}
		{0DC97B84-D981-48CB-9275-2464B2A103DA} = {D5D6EF24-3DF7-4DD1-9C4E-11ED06516473}
		{BC0715A3-712C-446A-89CB-2E3A454CC3C1} = {C5435535-809F-4269-A0AF-0FC785C949E8}
	EndGlobalSection
	GlobalSection(ExtensibilityGlobals) = postSolution
		SolutionGuid = {E29FCCDD-E6DD-4642-A19E-A40B60A43796}
	EndGlobalSection
EndGlobal
